PODS:
  - Nimble (7.1.3)
  - Quick (1.3.2)

DEPENDENCIES:
  - Nimble (~> 7.1.1)
  - Quick (~> 1.3.0)

SPEC REPOS:
  https://github.com/cocoapods/specs.git:
    - Nimble
    - Quick

SPEC CHECKSUMS:
  Nimble: 2839b01d1b31f6a6a7777a221f0d91cf52e8e27b
  Quick: 2623cb30d7a7f41ca62f684f679586558f483d46

PODFILE CHECKSUM: e1898a1c3fa3f7657a0909febbe2a502ce7df698

COCOAPODS: 1.5.3
