// !$*UTF8*$!
{
	archiveVersion = 1;
	classes = {
	};
	objectVersion = 50;
	objects = {

/* Begin PBXBuildFile section */
		42A087B5E7C9037776AEDF36 /* Pods_NetworkLayerTests.framework in Frameworks */ = {isa = PBXBuildFile; fileRef = C073A81EA22C1BD1C7C07F40 /* Pods_NetworkLayerTests.framework */; };
		6DADF6C19001A7B408A188AE /* Pods_NetworkLayer.framework in Frameworks */ = {isa = PBXBuildFile; fileRef = E59A3EB6C2DB74F2714C22D0 /* Pods_NetworkLayer.framework */; };
		D68F21F02141905D00942D58 /* AppDelegate.swift in Sources */ = {isa = PBXBuildFile; fileRef = D68F21EF2141905D00942D58 /* AppDelegate.swift */; };
		D68F21F22141905D00942D58 /* ViewController.swift in Sources */ = {isa = PBXBuildFile; fileRef = D68F21F12141905D00942D58 /* ViewController.swift */; };
		D68F21F52141905D00942D58 /* Main.storyboard in Resources */ = {isa = PBXBuildFile; fileRef = D68F21F32141905D00942D58 /* Main.storyboard */; };
		D68F21F72141906000942D58 /* Assets.xcassets in Resources */ = {isa = PBXBuildFile; fileRef = D68F21F62141906000942D58 /* Assets.xcassets */; };
		D68F21FA2141906000942D58 /* LaunchScreen.storyboard in Resources */ = {isa = PBXBuildFile; fileRef = D68F21F82141906000942D58 /* LaunchScreen.storyboard */; };
		D68F22052141906000942D58 /* NetworkLayerTests.swift in Sources */ = {isa = PBXBuildFile; fileRef = D68F22042141906000942D58 /* NetworkLayerTests.swift */; };
		D68F22142141913A00942D58 /* ServiceProtocol.swift in Sources */ = {isa = PBXBuildFile; fileRef = D68F22132141913A00942D58 /* ServiceProtocol.swift */; };
		D68F22172141917100942D58 /* HTTPMethod.swift in Sources */ = {isa = PBXBuildFile; fileRef = D68F22162141917100942D58 /* HTTPMethod.swift */; };
		D68F22192141918500942D58 /* Task.swift in Sources */ = {isa = PBXBuildFile; fileRef = D68F22182141918500942D58 /* Task.swift */; };
		D68F221B2141919F00942D58 /* ParametersEncoding.swift in Sources */ = {isa = PBXBuildFile; fileRef = D68F221A2141919F00942D58 /* ParametersEncoding.swift */; };
		D68F221E214191DA00942D58 /* URLComponentsExtension.swift in Sources */ = {isa = PBXBuildFile; fileRef = D68F221D214191DA00942D58 /* URLComponentsExtension.swift */; };
		D68F22202141926D00942D58 /* URLRequestExtension.swift in Sources */ = {isa = PBXBuildFile; fileRef = D68F221F2141926D00942D58 /* URLRequestExtension.swift */; };
		D68F22222141928F00942D58 /* NetworkResponse.swift in Sources */ = {isa = PBXBuildFile; fileRef = D68F22212141928F00942D58 /* NetworkResponse.swift */; };
		D68F2224214192A100942D58 /* NetworkError.swift in Sources */ = {isa = PBXBuildFile; fileRef = D68F2223214192A100942D58 /* NetworkError.swift */; };
		D68F2226214192BD00942D58 /* ProviderProtocol.swift in Sources */ = {isa = PBXBuildFile; fileRef = D68F2225214192BD00942D58 /* ProviderProtocol.swift */; };
		D68F22292141931700942D58 /* URLSessionProvider.swift in Sources */ = {isa = PBXBuildFile; fileRef = D68F22282141931700942D58 /* URLSessionProvider.swift */; };
		D68F222B2141934000942D58 /* URLSessionProtocol.swift in Sources */ = {isa = PBXBuildFile; fileRef = D68F222A2141934000942D58 /* URLSessionProtocol.swift */; };
		D68F222E2141946A00942D58 /* PostService.swift in Sources */ = {isa = PBXBuildFile; fileRef = D68F222D2141946A00942D58 /* PostService.swift */; };
		D68F22312141948500942D58 /* Post.swift in Sources */ = {isa = PBXBuildFile; fileRef = D68F22302141948500942D58 /* Post.swift */; };
		D68F22332141949000942D58 /* Comment.swift in Sources */ = {isa = PBXBuildFile; fileRef = D68F22322141949000942D58 /* Comment.swift */; };
/* End PBXBuildFile section */

/* Begin PBXContainerItemProxy section */
		D68F22012141906000942D58 /* PBXContainerItemProxy */ = {
			isa = PBXContainerItemProxy;
			containerPortal = D68F21E42141905D00942D58 /* Project object */;
			proxyType = 1;
			remoteGlobalIDString = D68F21EB2141905D00942D58;
			remoteInfo = NetworkLayer;
		};
/* End PBXContainerItemProxy section */

/* Begin PBXFileReference section */
		639F8A043515BE6C9957BC49 /* Pods-NetworkLayer.release.xcconfig */ = {isa = PBXFileReference; includeInIndex = 1; lastKnownFileType = text.xcconfig; name = "Pods-NetworkLayer.release.xcconfig"; path = "Pods/Target Support Files/Pods-NetworkLayer/Pods-NetworkLayer.release.xcconfig"; sourceTree = "<group>"; };
		75F1B9AE688CAB4A402C1A39 /* Pods-NetworkLayer.debug.xcconfig */ = {isa = PBXFileReference; includeInIndex = 1; lastKnownFileType = text.xcconfig; name = "Pods-NetworkLayer.debug.xcconfig"; path = "Pods/Target Support Files/Pods-NetworkLayer/Pods-NetworkLayer.debug.xcconfig"; sourceTree = "<group>"; };
		7B6D91A052E7A3F597F6F85E /* Pods-NetworkLayerTests.release.xcconfig */ = {isa = PBXFileReference; includeInIndex = 1; lastKnownFileType = text.xcconfig; name = "Pods-NetworkLayerTests.release.xcconfig"; path = "Pods/Target Support Files/Pods-NetworkLayerTests/Pods-NetworkLayerTests.release.xcconfig"; sourceTree = "<group>"; };
		8909D6B8B64CB3FED256D21D /* Pods-NetworkLayerTests.debug.xcconfig */ = {isa = PBXFileReference; includeInIndex = 1; lastKnownFileType = text.xcconfig; name = "Pods-NetworkLayerTests.debug.xcconfig"; path = "Pods/Target Support Files/Pods-NetworkLayerTests/Pods-NetworkLayerTests.debug.xcconfig"; sourceTree = "<group>"; };
		C073A81EA22C1BD1C7C07F40 /* Pods_NetworkLayerTests.framework */ = {isa = PBXFileReference; explicitFileType = wrapper.framework; includeInIndex = 0; path = Pods_NetworkLayerTests.framework; sourceTree = BUILT_PRODUCTS_DIR; };
		D68F21EC2141905D00942D58 /* NetworkLayer.app */ = {isa = PBXFileReference; explicitFileType = wrapper.application; includeInIndex = 0; path = NetworkLayer.app; sourceTree = BUILT_PRODUCTS_DIR; };
		D68F21EF2141905D00942D58 /* AppDelegate.swift */ = {isa = PBXFileReference; lastKnownFileType = sourcecode.swift; path = AppDelegate.swift; sourceTree = "<group>"; };
		D68F21F12141905D00942D58 /* ViewController.swift */ = {isa = PBXFileReference; lastKnownFileType = sourcecode.swift; path = ViewController.swift; sourceTree = "<group>"; };
		D68F21F42141905D00942D58 /* Base */ = {isa = PBXFileReference; lastKnownFileType = file.storyboard; name = Base; path = Base.lproj/Main.storyboard; sourceTree = "<group>"; };
		D68F21F62141906000942D58 /* Assets.xcassets */ = {isa = PBXFileReference; lastKnownFileType = folder.assetcatalog; path = Assets.xcassets; sourceTree = "<group>"; };
		D68F21F92141906000942D58 /* Base */ = {isa = PBXFileReference; lastKnownFileType = file.storyboard; name = Base; path = Base.lproj/LaunchScreen.storyboard; sourceTree = "<group>"; };
		D68F21FB2141906000942D58 /* Info.plist */ = {isa = PBXFileReference; lastKnownFileType = text.plist.xml; path = Info.plist; sourceTree = "<group>"; };
		D68F22002141906000942D58 /* NetworkLayerTests.xctest */ = {isa = PBXFileReference; explicitFileType = wrapper.cfbundle; includeInIndex = 0; path = NetworkLayerTests.xctest; sourceTree = BUILT_PRODUCTS_DIR; };
		D68F22042141906000942D58 /* NetworkLayerTests.swift */ = {isa = PBXFileReference; lastKnownFileType = sourcecode.swift; path = NetworkLayerTests.swift; sourceTree = "<group>"; };
		D68F22062141906000942D58 /* Info.plist */ = {isa = PBXFileReference; lastKnownFileType = text.plist.xml; path = Info.plist; sourceTree = "<group>"; };
		D68F22132141913A00942D58 /* ServiceProtocol.swift */ = {isa = PBXFileReference; lastKnownFileType = sourcecode.swift; path = ServiceProtocol.swift; sourceTree = "<group>"; };
		D68F22162141917100942D58 /* HTTPMethod.swift */ = {isa = PBXFileReference; lastKnownFileType = sourcecode.swift; path = HTTPMethod.swift; sourceTree = "<group>"; };
		D68F22182141918500942D58 /* Task.swift */ = {isa = PBXFileReference; lastKnownFileType = sourcecode.swift; path = Task.swift; sourceTree = "<group>"; };
		D68F221A2141919F00942D58 /* ParametersEncoding.swift */ = {isa = PBXFileReference; lastKnownFileType = sourcecode.swift; path = ParametersEncoding.swift; sourceTree = "<group>"; };
		D68F221D214191DA00942D58 /* URLComponentsExtension.swift */ = {isa = PBXFileReference; lastKnownFileType = sourcecode.swift; path = URLComponentsExtension.swift; sourceTree = "<group>"; };
		D68F221F2141926D00942D58 /* URLRequestExtension.swift */ = {isa = PBXFileReference; lastKnownFileType = sourcecode.swift; path = URLRequestExtension.swift; sourceTree = "<group>"; };
		D68F22212141928F00942D58 /* NetworkResponse.swift */ = {isa = PBXFileReference; lastKnownFileType = sourcecode.swift; path = NetworkResponse.swift; sourceTree = "<group>"; };
		D68F2223214192A100942D58 /* NetworkError.swift */ = {isa = PBXFileReference; lastKnownFileType = sourcecode.swift; path = NetworkError.swift; sourceTree = "<group>"; };
		D68F2225214192BD00942D58 /* ProviderProtocol.swift */ = {isa = PBXFileReference; lastKnownFileType = sourcecode.swift; path = ProviderProtocol.swift; sourceTree = "<group>"; };
		D68F22282141931700942D58 /* URLSessionProvider.swift */ = {isa = PBXFileReference; lastKnownFileType = sourcecode.swift; path = URLSessionProvider.swift; sourceTree = "<group>"; };
		D68F222A2141934000942D58 /* URLSessionProtocol.swift */ = {isa = PBXFileReference; lastKnownFileType = sourcecode.swift; path = URLSessionProtocol.swift; sourceTree = "<group>"; };
		D68F222D2141946A00942D58 /* PostService.swift */ = {isa = PBXFileReference; lastKnownFileType = sourcecode.swift; path = PostService.swift; sourceTree = "<group>"; };
		D68F22302141948500942D58 /* Post.swift */ = {isa = PBXFileReference; lastKnownFileType = sourcecode.swift; path = Post.swift; sourceTree = "<group>"; };
		D68F22322141949000942D58 /* Comment.swift */ = {isa = PBXFileReference; lastKnownFileType = sourcecode.swift; path = Comment.swift; sourceTree = "<group>"; };
		E59A3EB6C2DB74F2714C22D0 /* Pods_NetworkLayer.framework */ = {isa = PBXFileReference; explicitFileType = wrapper.framework; includeInIndex = 0; path = Pods_NetworkLayer.framework; sourceTree = BUILT_PRODUCTS_DIR; };
/* End PBXFileReference section */

/* Begin PBXFrameworksBuildPhase section */
		D68F21E92141905D00942D58 /* Frameworks */ = {
			isa = PBXFrameworksBuildPhase;
			buildActionMask = 2147483647;
			files = (
				6DADF6C19001A7B408A188AE /* Pods_NetworkLayer.framework in Frameworks */,
			);
			runOnlyForDeploymentPostprocessing = 0;
		};
		D68F21FD2141906000942D58 /* Frameworks */ = {
			isa = PBXFrameworksBuildPhase;
			buildActionMask = 2147483647;
			files = (
				42A087B5E7C9037776AEDF36 /* Pods_NetworkLayerTests.framework in Frameworks */,
			);
			runOnlyForDeploymentPostprocessing = 0;
		};
/* End PBXFrameworksBuildPhase section */

/* Begin PBXGroup section */
		1AA7B190DA1F14FCA1C96BC4 /* Frameworks */ = {
			isa = PBXGroup;
			children = (
				E59A3EB6C2DB74F2714C22D0 /* Pods_NetworkLayer.framework */,
				C073A81EA22C1BD1C7C07F40 /* Pods_NetworkLayerTests.framework */,
			);
			name = Frameworks;
			sourceTree = "<group>";
		};
		1B35F3740B4EEC9F1938603C /* Pods */ = {
			isa = PBXGroup;
			children = (
				75F1B9AE688CAB4A402C1A39 /* Pods-NetworkLayer.debug.xcconfig */,
				639F8A043515BE6C9957BC49 /* Pods-NetworkLayer.release.xcconfig */,
				8909D6B8B64CB3FED256D21D /* Pods-NetworkLayerTests.debug.xcconfig */,
				7B6D91A052E7A3F597F6F85E /* Pods-NetworkLayerTests.release.xcconfig */,
			);
			name = Pods;
			sourceTree = "<group>";
		};
		D68F21E32141905D00942D58 = {
			isa = PBXGroup;
			children = (
				D68F21EE2141905D00942D58 /* NetworkLayer */,
				D68F22032141906000942D58 /* NetworkLayerTests */,
				D68F21ED2141905D00942D58 /* Products */,
				1B35F3740B4EEC9F1938603C /* Pods */,
				1AA7B190DA1F14FCA1C96BC4 /* Frameworks */,
			);
			sourceTree = "<group>";
		};
		D68F21ED2141905D00942D58 /* Products */ = {
			isa = PBXGroup;
			children = (
				D68F21EC2141905D00942D58 /* NetworkLayer.app */,
				D68F22002141906000942D58 /* NetworkLayerTests.xctest */,
			);
			name = Products;
			sourceTree = "<group>";
		};
		D68F21EE2141905D00942D58 /* NetworkLayer */ = {
			isa = PBXGroup;
			children = (
				D68F21EF2141905D00942D58 /* AppDelegate.swift */,
				D68F21F12141905D00942D58 /* ViewController.swift */,
				D68F222F2141947300942D58 /* Models */,
				D68F221C214191C600942D58 /* Extensions */,
				D68F220F214190AC00942D58 /* Networking */,
				D68F2210214190B300942D58 /* Resources */,
				D68F21FB2141906000942D58 /* Info.plist */,
			);
			path = NetworkLayer;
			sourceTree = "<group>";
		};
		D68F22032141906000942D58 /* NetworkLayerTests */ = {
			isa = PBXGroup;
			children = (
				D68F22042141906000942D58 /* NetworkLayerTests.swift */,
				D68F22062141906000942D58 /* Info.plist */,
			);
			path = NetworkLayerTests;
			sourceTree = "<group>";
		};
		D68F220F214190AC00942D58 /* Networking */ = {
			isa = PBXGroup;
			children = (
				D68F222C2141945F00942D58 /* Services */,
				D68F22272141930500942D58 /* Provider */,
				D68F22152141916300942D58 /* Enums */,
				D68F22122141911B00942D58 /* Protocols */,
			);
			path = Networking;
			sourceTree = "<group>";
		};
		D68F2210214190B300942D58 /* Resources */ = {
			isa = PBXGroup;
			children = (
				D68F21F62141906000942D58 /* Assets.xcassets */,
				D68F21F82141906000942D58 /* LaunchScreen.storyboard */,
				D68F21F32141905D00942D58 /* Main.storyboard */,
			);
			path = Resources;
			sourceTree = "<group>";
		};
		D68F22122141911B00942D58 /* Protocols */ = {
			isa = PBXGroup;
			children = (
				D68F22132141913A00942D58 /* ServiceProtocol.swift */,
				D68F2225214192BD00942D58 /* ProviderProtocol.swift */,
				D68F222A2141934000942D58 /* URLSessionProtocol.swift */,
			);
			path = Protocols;
			sourceTree = "<group>";
		};
		D68F22152141916300942D58 /* Enums */ = {
			isa = PBXGroup;
			children = (
				D68F22162141917100942D58 /* HTTPMethod.swift */,
				D68F22182141918500942D58 /* Task.swift */,
				D68F221A2141919F00942D58 /* ParametersEncoding.swift */,
				D68F22212141928F00942D58 /* NetworkResponse.swift */,
				D68F2223214192A100942D58 /* NetworkError.swift */,
			);
			path = Enums;
			sourceTree = "<group>";
		};
		D68F221C214191C600942D58 /* Extensions */ = {
			isa = PBXGroup;
			children = (
				D68F221D214191DA00942D58 /* URLComponentsExtension.swift */,
				D68F221F2141926D00942D58 /* URLRequestExtension.swift */,
			);
			path = Extensions;
			sourceTree = "<group>";
		};
		D68F22272141930500942D58 /* Provider */ = {
			isa = PBXGroup;
			children = (
				D68F22282141931700942D58 /* URLSessionProvider.swift */,
			);
			path = Provider;
			sourceTree = "<group>";
		};
		D68F222C2141945F00942D58 /* Services */ = {
			isa = PBXGroup;
			children = (
				D68F222D2141946A00942D58 /* PostService.swift */,
			);
			path = Services;
			sourceTree = "<group>";
		};
		D68F222F2141947300942D58 /* Models */ = {
			isa = PBXGroup;
			children = (
				D68F22302141948500942D58 /* Post.swift */,
				D68F22322141949000942D58 /* Comment.swift */,
			);
			path = Models;
			sourceTree = "<group>";
		};
/* End PBXGroup section */

/* Begin PBXNativeTarget section */
		D68F21EB2141905D00942D58 /* NetworkLayer */ = {
			isa = PBXNativeTarget;
			buildConfigurationList = D68F22092141906000942D58 /* Build configuration list for PBXNativeTarget "NetworkLayer" */;
			buildPhases = (
				E4597A2B031FAB2E8EF9A4D5 /* [CP] Check Pods Manifest.lock */,
				D68F21E82141905D00942D58 /* Sources */,
				D68F21E92141905D00942D58 /* Frameworks */,
				D68F21EA2141905D00942D58 /* Resources */,
			);
			buildRules = (
			);
			dependencies = (
			);
			name = NetworkLayer;
			productName = NetworkLayer;
			productReference = D68F21EC2141905D00942D58 /* NetworkLayer.app */;
			productType = "com.apple.product-type.application";
		};
		D68F21FF2141906000942D58 /* NetworkLayerTests */ = {
			isa = PBXNativeTarget;
			buildConfigurationList = D68F220C2141906000942D58 /* Build configuration list for PBXNativeTarget "NetworkLayerTests" */;
			buildPhases = (
				0A3CC82CCDCBFB1ABCBA6A2E /* [CP] Check Pods Manifest.lock */,
				D68F21FC2141906000942D58 /* Sources */,
				D68F21FD2141906000942D58 /* Frameworks */,
				D68F21FE2141906000942D58 /* Resources */,
				A9B4C97E64E881659E3E3110 /* [CP] Embed Pods Frameworks */,
			);
			buildRules = (
			);
			dependencies = (
				D68F22022141906000942D58 /* PBXTargetDependency */,
			);
			name = NetworkLayerTests;
			productName = NetworkLayerTests;
			productReference = D68F22002141906000942D58 /* NetworkLayerTests.xctest */;
			productType = "com.apple.product-type.bundle.unit-test";
		};
/* End PBXNativeTarget section */

/* Begin PBXProject section */
		D68F21E42141905D00942D58 /* Project object */ = {
			isa = PBXProject;
			attributes = {
				LastSwiftUpdateCheck = 0940;
				LastUpgradeCheck = 0940;
				ORGANIZATIONNAME = CocoApps;
				TargetAttributes = {
					D68F21EB2141905D00942D58 = {
						CreatedOnToolsVersion = 9.4.1;
					};
					D68F21FF2141906000942D58 = {
						CreatedOnToolsVersion = 9.4.1;
						TestTargetID = D68F21EB2141905D00942D58;
					};
				};
			};
			buildConfigurationList = D68F21E72141905D00942D58 /* Build configuration list for PBXProject "NetworkLayer" */;
			compatibilityVersion = "Xcode 9.3";
			developmentRegion = en;
			hasScannedForEncodings = 0;
			knownRegions = (
				en,
				Base,
			);
			mainGroup = D68F21E32141905D00942D58;
			productRefGroup = D68F21ED2141905D00942D58 /* Products */;
			projectDirPath = "";
			projectRoot = "";
			targets = (
				D68F21EB2141905D00942D58 /* NetworkLayer */,
				D68F21FF2141906000942D58 /* NetworkLayerTests */,
			);
		};
/* End PBXProject section */

/* Begin PBXResourcesBuildPhase section */
		D68F21EA2141905D00942D58 /* Resources */ = {
			isa = PBXResourcesBuildPhase;
			buildActionMask = 2147483647;
			files = (
				D68F21FA2141906000942D58 /* LaunchScreen.storyboard in Resources */,
				D68F21F72141906000942D58 /* Assets.xcassets in Resources */,
				D68F21F52141905D00942D58 /* Main.storyboard in Resources */,
			);
			runOnlyForDeploymentPostprocessing = 0;
		};
		D68F21FE2141906000942D58 /* Resources */ = {
			isa = PBXResourcesBuildPhase;
			buildActionMask = 2147483647;
			files = (
			);
			runOnlyForDeploymentPostprocessing = 0;
		};
/* End PBXResourcesBuildPhase section */

/* Begin PBXShellScriptBuildPhase section */
		0A3CC82CCDCBFB1ABCBA6A2E /* [CP] Check Pods Manifest.lock */ = {
			isa = PBXShellScriptBuildPhase;
			buildActionMask = 2147483647;
			files = (
			);
			inputFileListPaths = (
			);
			inputPaths = (
				"${PODS_PODFILE_DIR_PATH}/Podfile.lock",
				"${PODS_ROOT}/Manifest.lock",
			);
			name = "[CP] Check Pods Manifest.lock";
			outputFileListPaths = (
			);
			outputPaths = (
				"$(DERIVED_FILE_DIR)/Pods-NetworkLayerTests-checkManifestLockResult.txt",
			);
			runOnlyForDeploymentPostprocessing = 0;
			shellPath = /bin/sh;
			shellScript = "diff \"${PODS_PODFILE_DIR_PATH}/Podfile.lock\" \"${PODS_ROOT}/Manifest.lock\" > /dev/null\nif [ $? != 0 ] ; then\n    # print error to STDERR\n    echo \"error: The sandbox is not in sync with the Podfile.lock. Run 'pod install' or update your CocoaPods installation.\" >&2\n    exit 1\nfi\n# This output is used by Xcode 'outputs' to avoid re-running this script phase.\necho \"SUCCESS\" > \"${SCRIPT_OUTPUT_FILE_0}\"\n";
			showEnvVarsInLog = 0;
		};
		A9B4C97E64E881659E3E3110 /* [CP] Embed Pods Frameworks */ = {
			isa = PBXShellScriptBuildPhase;
			buildActionMask = 2147483647;
			files = (
			);
			inputFileListPaths = (
			);
			inputPaths = (
				"${SRCROOT}/Pods/Target Support Files/Pods-NetworkLayerTests/Pods-NetworkLayerTests-frameworks.sh",
				"${BUILT_PRODUCTS_DIR}/Nimble/Nimble.framework",
				"${BUILT_PRODUCTS_DIR}/Quick/Quick.framework",
			);
			name = "[CP] Embed Pods Frameworks";
			outputFileListPaths = (
			);
			outputPaths = (
				"${TARGET_BUILD_DIR}/${FRAMEWORKS_FOLDER_PATH}/Nimble.framework",
				"${TARGET_BUILD_DIR}/${FRAMEWORKS_FOLDER_PATH}/Quick.framework",
			);
			runOnlyForDeploymentPostprocessing = 0;
			shellPath = /bin/sh;
			shellScript = "\"${SRCROOT}/Pods/Target Support Files/Pods-NetworkLayerTests/Pods-NetworkLayerTests-frameworks.sh\"\n";
			showEnvVarsInLog = 0;
		};
		E4597A2B031FAB2E8EF9A4D5 /* [CP] Check Pods Manifest.lock */ = {
			isa = PBXShellScriptBuildPhase;
			buildActionMask = 2147483647;
			files = (
			);
			inputFileListPaths = (
			);
			inputPaths = (
				"${PODS_PODFILE_DIR_PATH}/Podfile.lock",
				"${PODS_ROOT}/Manifest.lock",
			);
			name = "[CP] Check Pods Manifest.lock";
			outputFileListPaths = (
			);
			outputPaths = (
				"$(DERIVED_FILE_DIR)/Pods-NetworkLayer-checkManifestLockResult.txt",
			);
			runOnlyForDeploymentPostprocessing = 0;
			shellPath = /bin/sh;
			shellScript = "diff \"${PODS_PODFILE_DIR_PATH}/Podfile.lock\" \"${PODS_ROOT}/Manifest.lock\" > /dev/null\nif [ $? != 0 ] ; then\n    # print error to STDERR\n    echo \"error: The sandbox is not in sync with the Podfile.lock. Run 'pod install' or update your CocoaPods installation.\" >&2\n    exit 1\nfi\n# This output is used by Xcode 'outputs' to avoid re-running this script phase.\necho \"SUCCESS\" > \"${SCRIPT_OUTPUT_FILE_0}\"\n";
			showEnvVarsInLog = 0;
		};
/* End PBXShellScriptBuildPhase section */

/* Begin PBXSourcesBuildPhase section */
		D68F21E82141905D00942D58 /* Sources */ = {
			isa = PBXSourcesBuildPhase;
			buildActionMask = 2147483647;
			files = (
				D68F2226214192BD00942D58 /* ProviderProtocol.swift in Sources */,
				D68F22172141917100942D58 /* HTTPMethod.swift in Sources */,
				D68F22142141913A00942D58 /* ServiceProtocol.swift in Sources */,
				D68F22192141918500942D58 /* Task.swift in Sources */,
				D68F221E214191DA00942D58 /* URLComponentsExtension.swift in Sources */,
				D68F21F22141905D00942D58 /* ViewController.swift in Sources */,
				D68F22222141928F00942D58 /* NetworkResponse.swift in Sources */,
				D68F22202141926D00942D58 /* URLRequestExtension.swift in Sources */,
				D68F222B2141934000942D58 /* URLSessionProtocol.swift in Sources */,
				D68F22312141948500942D58 /* Post.swift in Sources */,
				D68F222E2141946A00942D58 /* PostService.swift in Sources */,
				D68F22332141949000942D58 /* Comment.swift in Sources */,
				D68F221B2141919F00942D58 /* ParametersEncoding.swift in Sources */,
				D68F22292141931700942D58 /* URLSessionProvider.swift in Sources */,
				D68F21F02141905D00942D58 /* AppDelegate.swift in Sources */,
				D68F2224214192A100942D58 /* NetworkError.swift in Sources */,
			);
			runOnlyForDeploymentPostprocessing = 0;
		};
		D68F21FC2141906000942D58 /* Sources */ = {
			isa = PBXSourcesBuildPhase;
			buildActionMask = 2147483647;
			files = (
				D68F22052141906000942D58 /* NetworkLayerTests.swift in Sources */,
			);
			runOnlyForDeploymentPostprocessing = 0;
		};
/* End PBXSourcesBuildPhase section */

/* Begin PBXTargetDependency section */
		D68F22022141906000942D58 /* PBXTargetDependency */ = {
			isa = PBXTargetDependency;
			target = D68F21EB2141905D00942D58 /* NetworkLayer */;
			targetProxy = D68F22012141906000942D58 /* PBXContainerItemProxy */;
		};
/* End PBXTargetDependency section */

/* Begin PBXVariantGroup section */
		D68F21F32141905D00942D58 /* Main.storyboard */ = {
			isa = PBXVariantGroup;
			children = (
				D68F21F42141905D00942D58 /* Base */,
			);
			name = Main.storyboard;
			sourceTree = "<group>";
		};
		D68F21F82141906000942D58 /* LaunchScreen.storyboard */ = {
			isa = PBXVariantGroup;
			children = (
				D68F21F92141906000942D58 /* Base */,
			);
			name = LaunchScreen.storyboard;
			sourceTree = "<group>";
		};
/* End PBXVariantGroup section */

/* Begin XCBuildConfiguration section */
		D68F22072141906000942D58 /* Debug */ = {
			isa = XCBuildConfiguration;
			buildSettings = {
				ALWAYS_SEARCH_USER_PATHS = NO;
				CLANG_ANALYZER_NONNULL = YES;
				CLANG_ANALYZER_NUMBER_OBJECT_CONVERSION = YES_AGGRESSIVE;
				CLANG_CXX_LANGUAGE_STANDARD = "gnu++14";
				CLANG_CXX_LIBRARY = "libc++";
				CLANG_ENABLE_MODULES = YES;
				CLANG_ENABLE_OBJC_ARC = YES;
				CLANG_ENABLE_OBJC_WEAK = YES;
				CLANG_WARN_BLOCK_CAPTURE_AUTORELEASING = YES;
				CLANG_WARN_BOOL_CONVERSION = YES;
				CLANG_WARN_COMMA = YES;
				CLANG_WARN_CONSTANT_CONVERSION = YES;
				CLANG_WARN_DEPRECATED_OBJC_IMPLEMENTATIONS = YES;
				CLANG_WARN_DIRECT_OBJC_ISA_USAGE = YES_ERROR;
				CLANG_WARN_DOCUMENTATION_COMMENTS = YES;
				CLANG_WARN_EMPTY_BODY = YES;
				CLANG_WARN_ENUM_CONVERSION = YES;
				CLANG_WARN_INFINITE_RECURSION = YES;
				CLANG_WARN_INT_CONVERSION = YES;
				CLANG_WARN_NON_LITERAL_NULL_CONVERSION = YES;
				CLANG_WARN_OBJC_IMPLICIT_RETAIN_SELF = YES;
				CLANG_WARN_OBJC_LITERAL_CONVERSION = YES;
				CLANG_WARN_OBJC_ROOT_CLASS = YES_ERROR;
				CLANG_WARN_RANGE_LOOP_ANALYSIS = YES;
				CLANG_WARN_STRICT_PROTOTYPES = YES;
				CLANG_WARN_SUSPICIOUS_MOVE = YES;
				CLANG_WARN_UNGUARDED_AVAILABILITY = YES_AGGRESSIVE;
				CLANG_WARN_UNREACHABLE_CODE = YES;
				CLANG_WARN__DUPLICATE_METHOD_MATCH = YES;
				CODE_SIGN_IDENTITY = "iPhone Developer";
				COPY_PHASE_STRIP = NO;
				DEBUG_INFORMATION_FORMAT = dwarf;
				ENABLE_STRICT_OBJC_MSGSEND = YES;
				ENABLE_TESTABILITY = YES;
				GCC_C_LANGUAGE_STANDARD = gnu11;
				GCC_DYNAMIC_NO_PIC = NO;
				GCC_NO_COMMON_BLOCKS = YES;
				GCC_OPTIMIZATION_LEVEL = 0;
				GCC_PREPROCESSOR_DEFINITIONS = (
					"DEBUG=1",
					"$(inherited)",
				);
				GCC_WARN_64_TO_32_BIT_CONVERSION = YES;
				GCC_WARN_ABOUT_RETURN_TYPE = YES_ERROR;
				GCC_WARN_UNDECLARED_SELECTOR = YES;
				GCC_WARN_UNINITIALIZED_AUTOS = YES_AGGRESSIVE;
				GCC_WARN_UNUSED_FUNCTION = YES;
				GCC_WARN_UNUSED_VARIABLE = YES;
				IPHONEOS_DEPLOYMENT_TARGET = 11.4;
				MTL_ENABLE_DEBUG_INFO = YES;
				ONLY_ACTIVE_ARCH = YES;
				SDKROOT = iphoneos;
				SWIFT_ACTIVE_COMPILATION_CONDITIONS = DEBUG;
				SWIFT_OPTIMIZATION_LEVEL = "-Onone";
			};
			name = Debug;
		};
		D68F22082141906000942D58 /* Release */ = {
			isa = XCBuildConfiguration;
			buildSettings = {
				ALWAYS_SEARCH_USER_PATHS = NO;
				CLANG_ANALYZER_NONNULL = YES;
				CLANG_ANALYZER_NUMBER_OBJECT_CONVERSION = YES_AGGRESSIVE;
				CLANG_CXX_LANGUAGE_STANDARD = "gnu++14";
				CLANG_CXX_LIBRARY = "libc++";
				CLANG_ENABLE_MODULES = YES;
				CLANG_ENABLE_OBJC_ARC = YES;
				CLANG_ENABLE_OBJC_WEAK = YES;
				CLANG_WARN_BLOCK_CAPTURE_AUTORELEASING = YES;
				CLANG_WARN_BOOL_CONVERSION = YES;
				CLANG_WARN_COMMA = YES;
				CLANG_WARN_CONSTANT_CONVERSION = YES;
				CLANG_WARN_DEPRECATED_OBJC_IMPLEMENTATIONS = YES;
				CLANG_WARN_DIRECT_OBJC_ISA_USAGE = YES_ERROR;
				CLANG_WARN_DOCUMENTATION_COMMENTS = YES;
				CLANG_WARN_EMPTY_BODY = YES;
				CLANG_WARN_ENUM_CONVERSION = YES;
				CLANG_WARN_INFINITE_RECURSION = YES;
				CLANG_WARN_INT_CONVERSION = YES;
				CLANG_WARN_NON_LITERAL_NULL_CONVERSION = YES;
				CLANG_WARN_OBJC_IMPLICIT_RETAIN_SELF = YES;
				CLANG_WARN_OBJC_LITERAL_CONVERSION = YES;
				CLANG_WARN_OBJC_ROOT_CLASS = YES_ERROR;
				CLANG_WARN_RANGE_LOOP_ANALYSIS = YES;
				CLANG_WARN_STRICT_PROTOTYPES = YES;
				CLANG_WARN_SUSPICIOUS_MOVE = YES;
				CLANG_WARN_UNGUARDED_AVAILABILITY = YES_AGGRESSIVE;
				CLANG_WARN_UNREACHABLE_CODE = YES;
				CLANG_WARN__DUPLICATE_METHOD_MATCH = YES;
				CODE_SIGN_IDENTITY = "iPhone Developer";
				COPY_PHASE_STRIP = NO;
				DEBUG_INFORMATION_FORMAT = "dwarf-with-dsym";
				ENABLE_NS_ASSERTIONS = NO;
				ENABLE_STRICT_OBJC_MSGSEND = YES;
				GCC_C_LANGUAGE_STANDARD = gnu11;
				GCC_NO_COMMON_BLOCKS = YES;
				GCC_WARN_64_TO_32_BIT_CONVERSION = YES;
				GCC_WARN_ABOUT_RETURN_TYPE = YES_ERROR;
				GCC_WARN_UNDECLARED_SELECTOR = YES;
				GCC_WARN_UNINITIALIZED_AUTOS = YES_AGGRESSIVE;
				GCC_WARN_UNUSED_FUNCTION = YES;
				GCC_WARN_UNUSED_VARIABLE = YES;
				IPHONEOS_DEPLOYMENT_TARGET = 11.4;
				MTL_ENABLE_DEBUG_INFO = NO;
				SDKROOT = iphoneos;
				SWIFT_COMPILATION_MODE = wholemodule;
				SWIFT_OPTIMIZATION_LEVEL = "-O";
				VALIDATE_PRODUCT = YES;
			};
			name = Release;
		};
		D68F220A2141906000942D58 /* Debug */ = {
			isa = XCBuildConfiguration;
			baseConfigurationReference = 75F1B9AE688CAB4A402C1A39 /* Pods-NetworkLayer.debug.xcconfig */;
			buildSettings = {
				ASSETCATALOG_COMPILER_APPICON_NAME = AppIcon;
				CODE_SIGN_STYLE = Automatic;
				INFOPLIST_FILE = NetworkLayer/Info.plist;
				LD_RUNPATH_SEARCH_PATHS = (
					"$(inherited)",
					"@executable_path/Frameworks",
				);
				PRODUCT_BUNDLE_IDENTIFIER = com.cocoapps.NetworkLayer;
				PRODUCT_NAME = "$(TARGET_NAME)";
				SWIFT_VERSION = 4.0;
				TARGETED_DEVICE_FAMILY = "1,2";
			};
			name = Debug;
		};
		D68F220B2141906000942D58 /* Release */ = {
			isa = XCBuildConfiguration;
			baseConfigurationReference = 639F8A043515BE6C9957BC49 /* Pods-NetworkLayer.release.xcconfig */;
			buildSettings = {
				ASSETCATALOG_COMPILER_APPICON_NAME = AppIcon;
				CODE_SIGN_STYLE = Automatic;
				INFOPLIST_FILE = NetworkLayer/Info.plist;
				LD_RUNPATH_SEARCH_PATHS = (
					"$(inherited)",
					"@executable_path/Frameworks",
				);
				PRODUCT_BUNDLE_IDENTIFIER = com.cocoapps.NetworkLayer;
				PRODUCT_NAME = "$(TARGET_NAME)";
				SWIFT_VERSION = 4.0;
				TARGETED_DEVICE_FAMILY = "1,2";
			};
			name = Release;
		};
		D68F220D2141906000942D58 /* Debug */ = {
			isa = XCBuildConfiguration;
			baseConfigurationReference = 8909D6B8B64CB3FED256D21D /* Pods-NetworkLayerTests.debug.xcconfig */;
			buildSettings = {
				ALWAYS_EMBED_SWIFT_STANDARD_LIBRARIES = YES;
				BUNDLE_LOADER = "$(TEST_HOST)";
				CODE_SIGN_STYLE = Automatic;
				INFOPLIST_FILE = NetworkLayerTests/Info.plist;
				LD_RUNPATH_SEARCH_PATHS = (
					"$(inherited)",
					"@executable_path/Frameworks",
					"@loader_path/Frameworks",
				);
				PRODUCT_BUNDLE_IDENTIFIER = com.cocoapps.NetworkLayerTests;
				PRODUCT_NAME = "$(TARGET_NAME)";
				SWIFT_VERSION = 4.0;
				TARGETED_DEVICE_FAMILY = "1,2";
				TEST_HOST = "$(BUILT_PRODUCTS_DIR)/NetworkLayer.app/NetworkLayer";
			};
			name = Debug;
		};
		D68F220E2141906000942D58 /* Release */ = {
			isa = XCBuildConfiguration;
			baseConfigurationReference = 7B6D91A052E7A3F597F6F85E /* Pods-NetworkLayerTests.release.xcconfig */;
			buildSettings = {
				ALWAYS_EMBED_SWIFT_STANDARD_LIBRARIES = YES;
				BUNDLE_LOADER = "$(TEST_HOST)";
				CODE_SIGN_STYLE = Automatic;
				INFOPLIST_FILE = NetworkLayerTests/Info.plist;
				LD_RUNPATH_SEARCH_PATHS = (
					"$(inherited)",
					"@executable_path/Frameworks",
					"@loader_path/Frameworks",
				);
				PRODUCT_BUNDLE_IDENTIFIER = com.cocoapps.NetworkLayerTests;
				PRODUCT_NAME = "$(TARGET_NAME)";
				SWIFT_VERSION = 4.0;
				TARGETED_DEVICE_FAMILY = "1,2";
				TEST_HOST = "$(BUILT_PRODUCTS_DIR)/NetworkLayer.app/NetworkLayer";
			};
			name = Release;
		};
/* End XCBuildConfiguration section */

/* Begin XCConfigurationList section */
		D68F21E72141905D00942D58 /* Build configuration list for PBXProject "NetworkLayer" */ = {
			isa = XCConfigurationList;
			buildConfigurations = (
				D68F22072141906000942D58 /* Debug */,
				D68F22082141906000942D58 /* Release */,
			);
			defaultConfigurationIsVisible = 0;
			defaultConfigurationName = Release;
		};
		D68F22092141906000942D58 /* Build configuration list for PBXNativeTarget "NetworkLayer" */ = {
			isa = XCConfigurationList;
			buildConfigurations = (
				D68F220A2141906000942D58 /* Debug */,
				D68F220B2141906000942D58 /* Release */,
			);
			defaultConfigurationIsVisible = 0;
			defaultConfigurationName = Release;
		};
		D68F220C2141906000942D58 /* Build configuration list for PBXNativeTarget "NetworkLayerTests" */ = {
			isa = XCConfigurationList;
			buildConfigurations = (
				D68F220D2141906000942D58 /* Debug */,
				D68F220E2141906000942D58 /* Release */,
			);
			defaultConfigurationIsVisible = 0;
			defaultConfigurationName = Release;
		};
/* End XCConfigurationList section */
	};
	rootObject = D68F21E42141905D00942D58 /* Project object */;
}
